
Microsoft Visual Studio Solution File, Format Version 12.00
# Visual Studio 14
VisualStudioVersion = 14.0.23107.0
MinimumVisualStudioVersion = 10.0.40219.1
Project("{FAE04EC0-301F-11D3-BF4B-00C04F79EFBC}") = "01-05.ManipulatingNorthwind", "01.RetrivingDataFromNW\01-05.ManipulatingNorthwind.csproj", "{E3CBCDFD-09BE-4E82-808F-49F44DA321F6}"
EndProject
Project("{FAE04EC0-301F-11D3-BF4B-00C04F79EFBC}") = "06.ExcelManipulatiing", "06-08.ExcelManipulatiing\06.ExcelManipulatiing.csproj", "{9599FF72-0B58-4E25-B6DC-7E5A4F00B964}"
EndProject
Project("{FAE04EC0-301F-11D3-BF4B-00C04F79EFBC}") = "07.SearchInTables", "07.SearchInTables\07.SearchInTables.csproj", "{B817D22A-A3BF-461F-BEFA-16E868CAA252}"
EndProject
Global
	GlobalSection(SolutionConfigurationPlatforms) = preSolution
		Debug|Any CPU = Debug|Any CPU
		Release|Any CPU = Release|Any CPU
	EndGlobalSection
	GlobalSection(ProjectConfigurationPlatforms) = postSolution
		{E3CBCDFD-09BE-4E82-808F-49F44DA321F6}.Debug|Any CPU.ActiveCfg = Debug|Any CPU
		{E3CBCDFD-09BE-4E82-808F-49F44DA321F6}.Debug|Any CPU.Build.0 = Debug|Any CPU
		{E3CBCDFD-09BE-4E82-808F-49F44DA321F6}.Release|Any CPU.ActiveCfg = Release|Any CPU
		{E3CBCDFD-09BE-4E82-808F-49F44DA321F6}.Release|Any CPU.Build.0 = Release|Any CPU
		{9599FF72-0B58-4E25-B6DC-7E5A4F00B964}.Debug|Any CPU.ActiveCfg = Debug|Any CPU
		{9599FF72-0B58-4E25-B6DC-7E5A4F00B964}.Debug|Any CPU.Build.0 = Debug|Any CPU
		{9599FF72-0B58-4E25-B6DC-7E5A4F00B964}.Release|Any CPU.ActiveCfg = Release|Any CPU
		{9599FF72-0B58-4E25-B6DC-7E5A4F00B964}.Release|Any CPU.Build.0 = Release|Any CPU
		{B817D22A-A3BF-461F-BEFA-16E868CAA252}.Debug|Any CPU.ActiveCfg = Debug|Any CPU
		{B817D22A-A3BF-461F-BEFA-16E868CAA252}.Debug|Any CPU.Build.0 = Debug|Any CPU
		{B817D22A-A3BF-461F-BEFA-16E868CAA252}.Release|Any CPU.ActiveCfg = Release|Any CPU
		{B817D22A-A3BF-461F-BEFA-16E868CAA252}.Release|Any CPU.Build.0 = Release|Any CPU
	EndGlobalSection
	GlobalSection(SolutionProperties) = preSolution
		HideSolutionNode = FALSE
	EndGlobalSection
EndGlobal
